
Microsoft Visual Studio Solution File, Format Version 12.00
# Visual Studio Version 17
VisualStudioVersion = 17.0.31903.59
MinimumVisualStudioVersion = 10.0.40219.1
Project("{9A19103F-16F7-4668-BE54-9A1E7A4F7556}") = "BreweryManagement.API", "BreweryManagement.API\BreweryManagement.API.csproj", "{E0ADE9F3-DF3C-4A06-90B4-09E2E83B3593}"
EndProject
Project("{9A19103F-16F7-4668-BE54-9A1E7A4F7556}") = "BreweryManagement.Application", "BreweryManagement.Application\BreweryManagement.Application.csproj", "{9F3DF273-2CF9-49A3-8052-8782E9E30B63}"
EndProject
Project("{9A19103F-16F7-4668-BE54-9A1E7A4F7556}") = "BreweryManagement.Domain", "BreweryManagement.Domain\BreweryManagement.Domain.csproj", "{D71030AB-21F8-49E2-BEE5-3B13C3CCE981}"
EndProject
Project("{9A19103F-16F7-4668-BE54-9A1E7A4F7556}") = "BreweryManagement.Infrastructure", "BreweryManagement.Infrastructure\BreweryManagement.Infrastructure.csproj", "{9F398898-8C9E-439B-BF28-FF26796389E3}"
EndProject
Project("{9A19103F-16F7-4668-BE54-9A1E7A4F7556}") = "BreweryManagement.UnitTests", "BreweryManagement.UnitTests\BreweryManagement.UnitTests.csproj", "{384ADD6A-D00E-4362-BB30-D0AFA369FAE5}"
EndProject
Global
	GlobalSection(SolutionConfigurationPlatforms) = preSolution
		Debug|Any CPU = Debug|Any CPU
		Release|Any CPU = Release|Any CPU
	EndGlobalSection
	GlobalSection(ProjectConfigurationPlatforms) = postSolution
		{E0ADE9F3-DF3C-4A06-90B4-09E2E83B3593}.Debug|Any CPU.ActiveCfg = Debug|Any CPU
		{E0ADE9F3-DF3C-4A06-90B4-09E2E83B3593}.Debug|Any CPU.Build.0 = Debug|Any CPU
		{E0ADE9F3-DF3C-4A06-90B4-09E2E83B3593}.Release|Any CPU.ActiveCfg = Release|Any CPU
		{E0ADE9F3-DF3C-4A06-90B4-09E2E83B3593}.Release|Any CPU.Build.0 = Release|Any CPU
		{9F3DF273-2CF9-49A3-8052-8782E9E30B63}.Debug|Any CPU.ActiveCfg = Debug|Any CPU
		{9F3DF273-2CF9-49A3-8052-8782E9E30B63}.Debug|Any CPU.Build.0 = Debug|Any CPU
		{9F3DF273-2CF9-49A3-8052-8782E9E30B63}.Release|Any CPU.ActiveCfg = Release|Any CPU
		{9F3DF273-2CF9-49A3-8052-8782E9E30B63}.Release|Any CPU.Build.0 = Release|Any CPU
		{D71030AB-21F8-49E2-BEE5-3B13C3CCE981}.Debug|Any CPU.ActiveCfg = Debug|Any CPU
		{D71030AB-21F8-49E2-BEE5-3B13C3CCE981}.Debug|Any CPU.Build.0 = Debug|Any CPU
		{D71030AB-21F8-49E2-BEE5-3B13C3CCE981}.Release|Any CPU.ActiveCfg = Release|Any CPU
		{D71030AB-21F8-49E2-BEE5-3B13C3CCE981}.Release|Any CPU.Build.0 = Release|Any CPU
		{9F398898-8C9E-439B-BF28-FF26796389E3}.Debug|Any CPU.ActiveCfg = Debug|Any CPU
		{9F398898-8C9E-439B-BF28-FF26796389E3}.Debug|Any CPU.Build.0 = Debug|Any CPU
		{9F398898-8C9E-439B-BF28-FF26796389E3}.Release|Any CPU.ActiveCfg = Release|Any CPU
		{9F398898-8C9E-439B-BF28-FF26796389E3}.Release|Any CPU.Build.0 = Release|Any CPU
		{384ADD6A-D00E-4362-BB30-D0AFA369FAE5}.Debug|Any CPU.ActiveCfg = Debug|Any CPU
		{384ADD6A-D00E-4362-BB30-D0AFA369FAE5}.Debug|Any CPU.Build.0 = Debug|Any CPU
		{384ADD6A-D00E-4362-BB30-D0AFA369FAE5}.Release|Any CPU.ActiveCfg = Release|Any CPU
		{384ADD6A-D00E-4362-BB30-D0AFA369FAE5}.Release|Any CPU.Build.0 = Release|Any CPU
	EndGlobalSection
	GlobalSection(SolutionProperties) = preSolution
		HideSolutionNode = FALSE
	EndGlobalSection
EndGlobal
